{
  "requires": true,
  "lockfileVersion": 1,
  "dependencies": {
    "@ngrx/store": {
      "version": "8.6.0",
      "resolved": "https://registry.npmjs.org/@ngrx/store/-/store-8.6.0.tgz",
      "integrity": "sha512-K4cvCEa+5hw9qrETQWO+Cha3YbVCAT8yaIKJr/N35KntTL9mQMjoL+51JWLZfBwPV0e19CFgJIyrBnVUTxwr2A=="
    }
  }
}
